
Microsoft Visual Studio Solution File, Format Version 12.00
# Visual Studio Version 17
VisualStudioVersion = 17.9.34723.18
MinimumVisualStudioVersion = 10.0.40219.1
Project("{9A19103F-16F7-4668-BE54-9A1E7A4F7556}") = "MembersCount", "MembersCount\MembersCount.csproj", "{93D0D4CF-B1D7-480B-B0B3-953E99B03C85}"
EndProject
Project("{FAE04EC0-301F-11D3-BF4B-00C04F79EFBC}") = "Tests", "Tests\Tests.csproj", "{C615D393-E19C-4DAE-8884-1885B8007896}"
EndProject
Global
	GlobalSection(SolutionConfigurationPlatforms) = preSolution
		Debug|Any CPU = Debug|Any CPU
		Release|Any CPU = Release|Any CPU
	EndGlobalSection
	GlobalSection(ProjectConfigurationPlatforms) = postSolution
		{93D0D4CF-B1D7-480B-B0B3-953E99B03C85}.Debug|Any CPU.ActiveCfg = Debug|Any CPU
		{93D0D4CF-B1D7-480B-B0B3-953E99B03C85}.Debug|Any CPU.Build.0 = Debug|Any CPU
		{93D0D4CF-B1D7-480B-B0B3-953E99B03C85}.Release|Any CPU.ActiveCfg = Release|Any CPU
		{93D0D4CF-B1D7-480B-B0B3-953E99B03C85}.Release|Any CPU.Build.0 = Release|Any CPU
		{C615D393-E19C-4DAE-8884-1885B8007896}.Debug|Any CPU.ActiveCfg = Debug|Any CPU
		{C615D393-E19C-4DAE-8884-1885B8007896}.Debug|Any CPU.Build.0 = Debug|Any CPU
		{C615D393-E19C-4DAE-8884-1885B8007896}.Release|Any CPU.ActiveCfg = Release|Any CPU
		{C615D393-E19C-4DAE-8884-1885B8007896}.Release|Any CPU.Build.0 = Release|Any CPU
	EndGlobalSection
	GlobalSection(SolutionProperties) = preSolution
		HideSolutionNode = FALSE
	EndGlobalSection
	GlobalSection(ExtensibilityGlobals) = postSolution
		SolutionGuid = {4E9F8604-1E65-4A42-A562-D8532CB1663A}
	EndGlobalSection
EndGlobal
